
Microsoft Visual Studio Solution File, Format Version 12.00
# Visual Studio Version 17
VisualStudioVersion = 17.9.34607.119
MinimumVisualStudioVersion = 10.0.40219.1
Project("{9A19103F-16F7-4668-BE54-9A1E7A4F7556}") = "Laboratory", "Laboratory\Laboratory.csproj", "{596D551D-DEDB-4225-B8C3-B8F95E706030}"
EndProject
Project("{9A19103F-16F7-4668-BE54-9A1E7A4F7556}") = "BL", "BL\BL.csproj", "{C676A2C0-86D7-4B14-B6B2-ED24E8D4E6B8}"
EndProject
Project("{9A19103F-16F7-4668-BE54-9A1E7A4F7556}") = "Data", "Data\Data.csproj", "{161EBAC9-1918-46DD-A304-695F9DE22125}"
EndProject
Project("{9A19103F-16F7-4668-BE54-9A1E7A4F7556}") = "Domain", "Domain\Domain.csproj", "{D9247451-1C59-4186-AABC-03E6F0AAB77A}"
EndProject
Project("{FAE04EC0-301F-11D3-BF4B-00C04F79EFBC}") = "LaboratoryTests", "LaboratoryTests\LaboratoryTests.csproj", "{3717DE75-45FC-48FE-92D2-5A5BFE21F1E1}"
EndProject
Global
	GlobalSection(SolutionConfigurationPlatforms) = preSolution
		Debug|Any CPU = Debug|Any CPU
		Release|Any CPU = Release|Any CPU
	EndGlobalSection
	GlobalSection(ProjectConfigurationPlatforms) = postSolution
		{596D551D-DEDB-4225-B8C3-B8F95E706030}.Debug|Any CPU.ActiveCfg = Debug|Any CPU
		{596D551D-DEDB-4225-B8C3-B8F95E706030}.Debug|Any CPU.Build.0 = Debug|Any CPU
		{596D551D-DEDB-4225-B8C3-B8F95E706030}.Release|Any CPU.ActiveCfg = Release|Any CPU
		{596D551D-DEDB-4225-B8C3-B8F95E706030}.Release|Any CPU.Build.0 = Release|Any CPU
		{C676A2C0-86D7-4B14-B6B2-ED24E8D4E6B8}.Debug|Any CPU.ActiveCfg = Debug|Any CPU
		{C676A2C0-86D7-4B14-B6B2-ED24E8D4E6B8}.Debug|Any CPU.Build.0 = Debug|Any CPU
		{C676A2C0-86D7-4B14-B6B2-ED24E8D4E6B8}.Release|Any CPU.ActiveCfg = Release|Any CPU
		{C676A2C0-86D7-4B14-B6B2-ED24E8D4E6B8}.Release|Any CPU.Build.0 = Release|Any CPU
		{161EBAC9-1918-46DD-A304-695F9DE22125}.Debug|Any CPU.ActiveCfg = Debug|Any CPU
		{161EBAC9-1918-46DD-A304-695F9DE22125}.Debug|Any CPU.Build.0 = Debug|Any CPU
		{161EBAC9-1918-46DD-A304-695F9DE22125}.Release|Any CPU.ActiveCfg = Release|Any CPU
		{161EBAC9-1918-46DD-A304-695F9DE22125}.Release|Any CPU.Build.0 = Release|Any CPU
		{D9247451-1C59-4186-AABC-03E6F0AAB77A}.Debug|Any CPU.ActiveCfg = Debug|Any CPU
		{D9247451-1C59-4186-AABC-03E6F0AAB77A}.Debug|Any CPU.Build.0 = Debug|Any CPU
		{D9247451-1C59-4186-AABC-03E6F0AAB77A}.Release|Any CPU.ActiveCfg = Release|Any CPU
		{D9247451-1C59-4186-AABC-03E6F0AAB77A}.Release|Any CPU.Build.0 = Release|Any CPU
		{3717DE75-45FC-48FE-92D2-5A5BFE21F1E1}.Debug|Any CPU.ActiveCfg = Debug|Any CPU
		{3717DE75-45FC-48FE-92D2-5A5BFE21F1E1}.Debug|Any CPU.Build.0 = Debug|Any CPU
		{3717DE75-45FC-48FE-92D2-5A5BFE21F1E1}.Release|Any CPU.ActiveCfg = Release|Any CPU
		{3717DE75-45FC-48FE-92D2-5A5BFE21F1E1}.Release|Any CPU.Build.0 = Release|Any CPU
	EndGlobalSection
	GlobalSection(SolutionProperties) = preSolution
		HideSolutionNode = FALSE
	EndGlobalSection
	GlobalSection(ExtensibilityGlobals) = postSolution
		SolutionGuid = {5CC7A2E8-3719-40CA-8B34-969376E325DA}
	EndGlobalSection
EndGlobal
